
Microsoft Visual Studio Solution File, Format Version 12.00
# Visual Studio Version 16
VisualStudioVersion = 16.0.31624.102
MinimumVisualStudioVersion = 10.0.40219.1
Project("{FAE04EC0-301F-11D3-BF4B-00C04F79EFBC}") = "TeduShop.UnitTest", "TeduShop.UnitTest\TeduShop.UnitTest.csproj", "{00EDE4EB-817F-47B4-8A5B-C3557A9407A2}"
EndProject
Project("{FAE04EC0-301F-11D3-BF4B-00C04F79EFBC}") = "TeduShop.Web", "TeduShop.Web\TeduShop.Web.csproj", "{EAF879B2-9C06-47C5-9D06-5495FA071D3A}"
EndProject
Project("{FAE04EC0-301F-11D3-BF4B-00C04F79EFBC}") = "TeduShop.Common", "TeduShop.Common\TeduShop.Common.csproj", "{7738156C-37F4-46C3-B2D1-B8579D11B109}"
EndProject
Project("{FAE04EC0-301F-11D3-BF4B-00C04F79EFBC}") = "TeduShop.Model", "TeduShop.Model\TeduShop.Model.csproj", "{D1DAB603-C52D-4BEC-92B6-486D32298BB0}"
EndProject
Project("{FAE04EC0-301F-11D3-BF4B-00C04F79EFBC}") = "TeduShop.Data", "TeduShop.Data\TeduShop.Data.csproj", "{4291BE97-5EAF-49F8-ABED-B4BB7D1A2A2F}"
EndProject
Project("{FAE04EC0-301F-11D3-BF4B-00C04F79EFBC}") = "TeduShop.Service", "TeduShop.Service\TeduShop.Service.csproj", "{8AFC21AC-C858-4075-A51F-BF11031E7EC1}"
EndProject
Global
	GlobalSection(SolutionConfigurationPlatforms) = preSolution
		Debug|Any CPU = Debug|Any CPU
		Release|Any CPU = Release|Any CPU
	EndGlobalSection
	GlobalSection(ProjectConfigurationPlatforms) = postSolution
		{00EDE4EB-817F-47B4-8A5B-C3557A9407A2}.Debug|Any CPU.ActiveCfg = Debug|Any CPU
		{00EDE4EB-817F-47B4-8A5B-C3557A9407A2}.Debug|Any CPU.Build.0 = Debug|Any CPU
		{00EDE4EB-817F-47B4-8A5B-C3557A9407A2}.Release|Any CPU.ActiveCfg = Release|Any CPU
		{00EDE4EB-817F-47B4-8A5B-C3557A9407A2}.Release|Any CPU.Build.0 = Release|Any CPU
		{EAF879B2-9C06-47C5-9D06-5495FA071D3A}.Debug|Any CPU.ActiveCfg = Debug|Any CPU
		{EAF879B2-9C06-47C5-9D06-5495FA071D3A}.Debug|Any CPU.Build.0 = Debug|Any CPU
		{EAF879B2-9C06-47C5-9D06-5495FA071D3A}.Release|Any CPU.ActiveCfg = Release|Any CPU
		{EAF879B2-9C06-47C5-9D06-5495FA071D3A}.Release|Any CPU.Build.0 = Release|Any CPU
		{7738156C-37F4-46C3-B2D1-B8579D11B109}.Debug|Any CPU.ActiveCfg = Debug|Any CPU
		{7738156C-37F4-46C3-B2D1-B8579D11B109}.Debug|Any CPU.Build.0 = Debug|Any CPU
		{7738156C-37F4-46C3-B2D1-B8579D11B109}.Release|Any CPU.ActiveCfg = Release|Any CPU
		{7738156C-37F4-46C3-B2D1-B8579D11B109}.Release|Any CPU.Build.0 = Release|Any CPU
		{D1DAB603-C52D-4BEC-92B6-486D32298BB0}.Debug|Any CPU.ActiveCfg = Debug|Any CPU
		{D1DAB603-C52D-4BEC-92B6-486D32298BB0}.Debug|Any CPU.Build.0 = Debug|Any CPU
		{D1DAB603-C52D-4BEC-92B6-486D32298BB0}.Release|Any CPU.ActiveCfg = Release|Any CPU
		{D1DAB603-C52D-4BEC-92B6-486D32298BB0}.Release|Any CPU.Build.0 = Release|Any CPU
		{4291BE97-5EAF-49F8-ABED-B4BB7D1A2A2F}.Debug|Any CPU.ActiveCfg = Debug|Any CPU
		{4291BE97-5EAF-49F8-ABED-B4BB7D1A2A2F}.Debug|Any CPU.Build.0 = Debug|Any CPU
		{4291BE97-5EAF-49F8-ABED-B4BB7D1A2A2F}.Release|Any CPU.ActiveCfg = Release|Any CPU
		{4291BE97-5EAF-49F8-ABED-B4BB7D1A2A2F}.Release|Any CPU.Build.0 = Release|Any CPU
		{8AFC21AC-C858-4075-A51F-BF11031E7EC1}.Debug|Any CPU.ActiveCfg = Debug|Any CPU
		{8AFC21AC-C858-4075-A51F-BF11031E7EC1}.Debug|Any CPU.Build.0 = Debug|Any CPU
		{8AFC21AC-C858-4075-A51F-BF11031E7EC1}.Release|Any CPU.ActiveCfg = Release|Any CPU
		{8AFC21AC-C858-4075-A51F-BF11031E7EC1}.Release|Any CPU.Build.0 = Release|Any CPU
	EndGlobalSection
	GlobalSection(SolutionProperties) = preSolution
		HideSolutionNode = FALSE
	EndGlobalSection
	GlobalSection(ExtensibilityGlobals) = postSolution
		SolutionGuid = {08EBFD68-7E0E-4766-9F88-4FF7CE5547AF}
	EndGlobalSection
EndGlobal
